// !$*UTF8*$!
{
	archiveVersion = 1;
	classes = {
	};
	objectVersion = 55;
	objects = {

/* Begin PBXBuildFile section */
		F504674C299EE065004853C2 /* CurrencyFormatter.swift in Sources */ = {isa = PBXBuildFile; fileRef = F504674B299EE065004853C2 /* CurrencyFormatter.swift */; };
		F504674E299EE400004853C2 /* AppointmentPresentation.swift in Sources */ = {isa = PBXBuildFile; fileRef = F504674D299EE400004853C2 /* AppointmentPresentation.swift */; };
		F5046750299EF094004853C2 /* DetailView.swift in Sources */ = {isa = PBXBuildFile; fileRef = F504674F299EF094004853C2 /* DetailView.swift */; };
		F5046752299EF0A1004853C2 /* CellView.swift in Sources */ = {isa = PBXBuildFile; fileRef = F5046751299EF0A1004853C2 /* CellView.swift */; };
		F5046755299EF446004853C2 /* ErrorView.swift in Sources */ = {isa = PBXBuildFile; fileRef = F5046754299EF446004853C2 /* ErrorView.swift */; };
		F5D1BECA299ECCA4007AB3E9 /* ST__iOS_TaskApp.swift in Sources */ = {isa = PBXBuildFile; fileRef = F5D1BEC9299ECCA4007AB3E9 /* ST__iOS_TaskApp.swift */; };
		F5D1BECC299ECCA4007AB3E9 /* ContentView.swift in Sources */ = {isa = PBXBuildFile; fileRef = F5D1BECB299ECCA4007AB3E9 /* ContentView.swift */; };
		F5D1BECE299ECCA6007AB3E9 /* Assets.xcassets in Resources */ = {isa = PBXBuildFile; fileRef = F5D1BECD299ECCA6007AB3E9 /* Assets.xcassets */; };
		F5D1BED1299ECCA6007AB3E9 /* Preview Assets.xcassets in Resources */ = {isa = PBXBuildFile; fileRef = F5D1BED0299ECCA6007AB3E9 /* Preview Assets.xcassets */; };
		F5D1BEDD299ECD4F007AB3E9 /* NetworkRequestCreator.swift in Sources */ = {isa = PBXBuildFile; fileRef = F5D1BEDC299ECD4F007AB3E9 /* NetworkRequestCreator.swift */; };
		F5D1BEDF299ECD57007AB3E9 /* Route.swift in Sources */ = {isa = PBXBuildFile; fileRef = F5D1BEDE299ECD57007AB3E9 /* Route.swift */; };
		F5D1BEE1299ECD62007AB3E9 /* RequestCreator.swift in Sources */ = {isa = PBXBuildFile; fileRef = F5D1BEE0299ECD62007AB3E9 /* RequestCreator.swift */; };
		F5D1BEE3299ECD6D007AB3E9 /* NetworkServiceProvider.swift in Sources */ = {isa = PBXBuildFile; fileRef = F5D1BEE2299ECD6D007AB3E9 /* NetworkServiceProvider.swift */; };
		F5D1BEE5299ECD7F007AB3E9 /* NetworkService.swift in Sources */ = {isa = PBXBuildFile; fileRef = F5D1BEE4299ECD7F007AB3E9 /* NetworkService.swift */; };
		F5D1BEE7299ECDED007AB3E9 /* Appoinment.swift in Sources */ = {isa = PBXBuildFile; fileRef = F5D1BEE6299ECDED007AB3E9 /* Appoinment.swift */; };
		F5D1BEEB299ECEB4007AB3E9 /* ContentViewModel.swift in Sources */ = {isa = PBXBuildFile; fileRef = F5D1BEEA299ECEB4007AB3E9 /* ContentViewModel.swift */; };
		F5D1BEED299ECEE0007AB3E9 /* AppointmentRepository.swift in Sources */ = {isa = PBXBuildFile; fileRef = F5D1BEEC299ECEE0007AB3E9 /* AppointmentRepository.swift */; };
		F5D1BEF0299ED662007AB3E9 /* MockAppointmentRepository.swift in Sources */ = {isa = PBXBuildFile; fileRef = F5D1BEEF299ED662007AB3E9 /* MockAppointmentRepository.swift */; };
/* End PBXBuildFile section */

/* Begin PBXFileReference section */
		F504674B299EE065004853C2 /* CurrencyFormatter.swift */ = {isa = PBXFileReference; lastKnownFileType = sourcecode.swift; path = CurrencyFormatter.swift; sourceTree = "<group>"; };
		F504674D299EE400004853C2 /* AppointmentPresentation.swift */ = {isa = PBXFileReference; lastKnownFileType = sourcecode.swift; path = AppointmentPresentation.swift; sourceTree = "<group>"; };
		F504674F299EF094004853C2 /* DetailView.swift */ = {isa = PBXFileReference; lastKnownFileType = sourcecode.swift; path = DetailView.swift; sourceTree = "<group>"; };
		F5046751299EF0A1004853C2 /* CellView.swift */ = {isa = PBXFileReference; lastKnownFileType = sourcecode.swift; path = CellView.swift; sourceTree = "<group>"; };
		F5046754299EF446004853C2 /* ErrorView.swift */ = {isa = PBXFileReference; lastKnownFileType = sourcecode.swift; path = ErrorView.swift; sourceTree = "<group>"; };
		F5D1BEC6299ECCA4007AB3E9 /* ST  iOS Task.app */ = {isa = PBXFileReference; explicitFileType = wrapper.application; includeInIndex = 0; path = "ST  iOS Task.app"; sourceTree = BUILT_PRODUCTS_DIR; };
		F5D1BEC9299ECCA4007AB3E9 /* ST__iOS_TaskApp.swift */ = {isa = PBXFileReference; lastKnownFileType = sourcecode.swift; path = ST__iOS_TaskApp.swift; sourceTree = "<group>"; };
		F5D1BECB299ECCA4007AB3E9 /* ContentView.swift */ = {isa = PBXFileReference; lastKnownFileType = sourcecode.swift; path = ContentView.swift; sourceTree = "<group>"; };
		F5D1BECD299ECCA6007AB3E9 /* Assets.xcassets */ = {isa = PBXFileReference; lastKnownFileType = folder.assetcatalog; path = Assets.xcassets; sourceTree = "<group>"; };
		F5D1BED0299ECCA6007AB3E9 /* Preview Assets.xcassets */ = {isa = PBXFileReference; lastKnownFileType = folder.assetcatalog; path = "Preview Assets.xcassets"; sourceTree = "<group>"; };
		F5D1BEDC299ECD4F007AB3E9 /* NetworkRequestCreator.swift */ = {isa = PBXFileReference; lastKnownFileType = sourcecode.swift; path = NetworkRequestCreator.swift; sourceTree = "<group>"; };
		F5D1BEDE299ECD57007AB3E9 /* Route.swift */ = {isa = PBXFileReference; lastKnownFileType = sourcecode.swift; path = Route.swift; sourceTree = "<group>"; };
		F5D1BEE0299ECD62007AB3E9 /* RequestCreator.swift */ = {isa = PBXFileReference; lastKnownFileType = sourcecode.swift; path = RequestCreator.swift; sourceTree = "<group>"; };
		F5D1BEE2299ECD6D007AB3E9 /* NetworkServiceProvider.swift */ = {isa = PBXFileReference; lastKnownFileType = sourcecode.swift; path = NetworkServiceProvider.swift; sourceTree = "<group>"; };
		F5D1BEE4299ECD7F007AB3E9 /* NetworkService.swift */ = {isa = PBXFileReference; lastKnownFileType = sourcecode.swift; path = NetworkService.swift; sourceTree = "<group>"; };
		F5D1BEE6299ECDED007AB3E9 /* Appoinment.swift */ = {isa = PBXFileReference; lastKnownFileType = sourcecode.swift; path = Appoinment.swift; sourceTree = "<group>"; };
		F5D1BEEA299ECEB4007AB3E9 /* ContentViewModel.swift */ = {isa = PBXFileReference; lastKnownFileType = sourcecode.swift; path = ContentViewModel.swift; sourceTree = "<group>"; };
		F5D1BEEC299ECEE0007AB3E9 /* AppointmentRepository.swift */ = {isa = PBXFileReference; lastKnownFileType = sourcecode.swift; path = AppointmentRepository.swift; sourceTree = "<group>"; };
		F5D1BEEF299ED662007AB3E9 /* MockAppointmentRepository.swift */ = {isa = PBXFileReference; lastKnownFileType = sourcecode.swift; path = MockAppointmentRepository.swift; sourceTree = "<group>"; };
/* End PBXFileReference section */

/* Begin PBXFrameworksBuildPhase section */
		F5D1BEC3299ECCA4007AB3E9 /* Frameworks */ = {
			isa = PBXFrameworksBuildPhase;
			buildActionMask = 2147483647;
			files = (
			);
			runOnlyForDeploymentPostprocessing = 0;
		};
/* End PBXFrameworksBuildPhase section */

/* Begin PBXGroup section */
		F504674A299EE053004853C2 /* Helpers */ = {
			isa = PBXGroup;
			children = (
				F504674B299EE065004853C2 /* CurrencyFormatter.swift */,
			);
			path = Helpers;
			sourceTree = "<group>";
		};
		F5046753299EF434004853C2 /* CommonViews */ = {
			isa = PBXGroup;
			children = (
				F5046754299EF446004853C2 /* ErrorView.swift */,
			);
			path = CommonViews;
			sourceTree = "<group>";
		};
		F5D1BEBD299ECCA4007AB3E9 = {
			isa = PBXGroup;
			children = (
				F5D1BEC8299ECCA4007AB3E9 /* ST  iOS Task */,
				F5D1BEC7299ECCA4007AB3E9 /* Products */,
			);
			sourceTree = "<group>";
		};
		F5D1BEC7299ECCA4007AB3E9 /* Products */ = {
			isa = PBXGroup;
			children = (
				F5D1BEC6299ECCA4007AB3E9 /* ST  iOS Task.app */,
			);
			name = Products;
			sourceTree = "<group>";
		};
		F5D1BEC8299ECCA4007AB3E9 /* ST  iOS Task */ = {
			isa = PBXGroup;
			children = (
				F504674A299EE053004853C2 /* Helpers */,
				F5D1BEEE299ED653007AB3E9 /* Mocks */,
				F5D1BEDA299ECCFD007AB3E9 /* Repositories */,
				F5D1BED9299ECCF3007AB3E9 /* Services */,
				F5D1BED8299ECCED007AB3E9 /* Models */,
				F5D1BED7299ECCE7007AB3E9 /* Scenes */,
				F5D1BEC9299ECCA4007AB3E9 /* ST__iOS_TaskApp.swift */,
				F5D1BECD299ECCA6007AB3E9 /* Assets.xcassets */,
				F5D1BECF299ECCA6007AB3E9 /* Preview Content */,
			);
			path = "ST  iOS Task";
			sourceTree = "<group>";
		};
		F5D1BECF299ECCA6007AB3E9 /* Preview Content */ = {
			isa = PBXGroup;
			children = (
				F5D1BED0299ECCA6007AB3E9 /* Preview Assets.xcassets */,
			);
			path = "Preview Content";
			sourceTree = "<group>";
		};
		F5D1BED7299ECCE7007AB3E9 /* Scenes */ = {
			isa = PBXGroup;
			children = (
				F5046753299EF434004853C2 /* CommonViews */,
				F5D1BEE9299ECE26007AB3E9 /* Content */,
				F5D1BEE8299ECE20007AB3E9 /* Detail */,
			);
			path = Scenes;
			sourceTree = "<group>";
		};
		F5D1BED8299ECCED007AB3E9 /* Models */ = {
			isa = PBXGroup;
			children = (
				F5D1BEE6299ECDED007AB3E9 /* Appoinment.swift */,
			);
			path = Models;
			sourceTree = "<group>";
		};
		F5D1BED9299ECCF3007AB3E9 /* Services */ = {
			isa = PBXGroup;
			children = (
				F5D1BEDB299ECD2F007AB3E9 /* Network */,
			);
			path = Services;
			sourceTree = "<group>";
		};
		F5D1BEDA299ECCFD007AB3E9 /* Repositories */ = {
			isa = PBXGroup;
			children = (
				F5D1BEEC299ECEE0007AB3E9 /* AppointmentRepository.swift */,
			);
			path = Repositories;
			sourceTree = "<group>";
		};
		F5D1BEDB299ECD2F007AB3E9 /* Network */ = {
			isa = PBXGroup;
			children = (
				F5D1BEDC299ECD4F007AB3E9 /* NetworkRequestCreator.swift */,
				F5D1BEE0299ECD62007AB3E9 /* RequestCreator.swift */,
				F5D1BEE2299ECD6D007AB3E9 /* NetworkServiceProvider.swift */,
				F5D1BEE4299ECD7F007AB3E9 /* NetworkService.swift */,
				F5D1BEDE299ECD57007AB3E9 /* Route.swift */,
			);
			path = Network;
			sourceTree = "<group>";
		};
		F5D1BEE8299ECE20007AB3E9 /* Detail */ = {
			isa = PBXGroup;
			children = (
				F504674F299EF094004853C2 /* DetailView.swift */,
			);
			path = Detail;
			sourceTree = "<group>";
		};
		F5D1BEE9299ECE26007AB3E9 /* Content */ = {
			isa = PBXGroup;
			children = (
				F5D1BECB299ECCA4007AB3E9 /* ContentView.swift */,
				F5D1BEEA299ECEB4007AB3E9 /* ContentViewModel.swift */,
				F504674D299EE400004853C2 /* AppointmentPresentation.swift */,
				F5046751299EF0A1004853C2 /* CellView.swift */,
			);
			path = Content;
			sourceTree = "<group>";
		};
		F5D1BEEE299ED653007AB3E9 /* Mocks */ = {
			isa = PBXGroup;
			children = (
				F5D1BEEF299ED662007AB3E9 /* MockAppointmentRepository.swift */,
			);
			path = Mocks;
			sourceTree = "<group>";
		};
/* End PBXGroup section */

/* Begin PBXNativeTarget section */
		F5D1BEC5299ECCA4007AB3E9 /* ST  iOS Task */ = {
			isa = PBXNativeTarget;
			buildConfigurationList = F5D1BED4299ECCA6007AB3E9 /* Build configuration list for PBXNativeTarget "ST  iOS Task" */;
			buildPhases = (
				F5D1BEC2299ECCA4007AB3E9 /* Sources */,
				F5D1BEC3299ECCA4007AB3E9 /* Frameworks */,
				F5D1BEC4299ECCA4007AB3E9 /* Resources */,
			);
			buildRules = (
			);
			dependencies = (
			);
			name = "ST  iOS Task";
			productName = "ST  iOS Task";
			productReference = F5D1BEC6299ECCA4007AB3E9 /* ST  iOS Task.app */;
			productType = "com.apple.product-type.application";
		};
/* End PBXNativeTarget section */

/* Begin PBXProject section */
		F5D1BEBE299ECCA4007AB3E9 /* Project object */ = {
			isa = PBXProject;
			attributes = {
				BuildIndependentTargetsInParallel = 1;
				LastSwiftUpdateCheck = 1340;
				LastUpgradeCheck = 1340;
				TargetAttributes = {
					F5D1BEC5299ECCA4007AB3E9 = {
						CreatedOnToolsVersion = 13.4.1;
					};
				};
			};
			buildConfigurationList = F5D1BEC1299ECCA4007AB3E9 /* Build configuration list for PBXProject "ST  iOS Task" */;
			compatibilityVersion = "Xcode 13.0";
			developmentRegion = en;
			hasScannedForEncodings = 0;
			knownRegions = (
				en,
				Base,
			);
			mainGroup = F5D1BEBD299ECCA4007AB3E9;
			productRefGroup = F5D1BEC7299ECCA4007AB3E9 /* Products */;
			projectDirPath = "";
			projectRoot = "";
			targets = (
				F5D1BEC5299ECCA4007AB3E9 /* ST  iOS Task */,
			);
		};
/* End PBXProject section */

/* Begin PBXResourcesBuildPhase section */
		F5D1BEC4299ECCA4007AB3E9 /* Resources */ = {
			isa = PBXResourcesBuildPhase;
			buildActionMask = 2147483647;
			files = (
				F5D1BED1299ECCA6007AB3E9 /* Preview Assets.xcassets in Resources */,
				F5D1BECE299ECCA6007AB3E9 /* Assets.xcassets in Resources */,
			);
			runOnlyForDeploymentPostprocessing = 0;
		};
/* End PBXResourcesBuildPhase section */

/* Begin PBXSourcesBuildPhase section */
		F5D1BEC2299ECCA4007AB3E9 /* Sources */ = {
			isa = PBXSourcesBuildPhase;
			buildActionMask = 2147483647;
			files = (
				F5D1BECC299ECCA4007AB3E9 /* ContentView.swift in Sources */,
				F504674C299EE065004853C2 /* CurrencyFormatter.swift in Sources */,
				F5D1BEE1299ECD62007AB3E9 /* RequestCreator.swift in Sources */,
				F5046750299EF094004853C2 /* DetailView.swift in Sources */,
				F5D1BEF0299ED662007AB3E9 /* MockAppointmentRepository.swift in Sources */,
				F5D1BEDF299ECD57007AB3E9 /* Route.swift in Sources */,
				F504674E299EE400004853C2 /* AppointmentPresentation.swift in Sources */,
				F5D1BEDD299ECD4F007AB3E9 /* NetworkRequestCreator.swift in Sources */,
				F5D1BECA299ECCA4007AB3E9 /* ST__iOS_TaskApp.swift in Sources */,
				F5D1BEEB299ECEB4007AB3E9 /* ContentViewModel.swift in Sources */,
				F5D1BEE3299ECD6D007AB3E9 /* NetworkServiceProvider.swift in Sources */,
				F5046752299EF0A1004853C2 /* CellView.swift in Sources */,
				F5D1BEE7299ECDED007AB3E9 /* Appoinment.swift in Sources */,
				F5D1BEE5299ECD7F007AB3E9 /* NetworkService.swift in Sources */,
				F5D1BEED299ECEE0007AB3E9 /* AppointmentRepository.swift in Sources */,
				F5046755299EF446004853C2 /* ErrorView.swift in Sources */,
			);
			runOnlyForDeploymentPostprocessing = 0;
		};
/* End PBXSourcesBuildPhase section */

/* Begin XCBuildConfiguration section */
		F5D1BED2299ECCA6007AB3E9 /* Debug */ = {
			isa = XCBuildConfiguration;
			buildSettings = {
				ALWAYS_SEARCH_USER_PATHS = NO;
				CLANG_ANALYZER_NONNULL = YES;
				CLANG_ANALYZER_NUMBER_OBJECT_CONVERSION = YES_AGGRESSIVE;
				CLANG_CXX_LANGUAGE_STANDARD = "gnu++17";
				CLANG_ENABLE_MODULES = YES;
				CLANG_ENABLE_OBJC_ARC = YES;
				CLANG_ENABLE_OBJC_WEAK = YES;
				CLANG_WARN_BLOCK_CAPTURE_AUTORELEASING = YES;
				CLANG_WARN_BOOL_CONVERSION = YES;
				CLANG_WARN_COMMA = YES;
				CLANG_WARN_CONSTANT_CONVERSION = YES;
				CLANG_WARN_DEPRECATED_OBJC_IMPLEMENTATIONS = YES;
				CLANG_WARN_DIRECT_OBJC_ISA_USAGE = YES_ERROR;
				CLANG_WARN_DOCUMENTATION_COMMENTS = YES;
				CLANG_WARN_EMPTY_BODY = YES;
				CLANG_WARN_ENUM_CONVERSION = YES;
				CLANG_WARN_INFINITE_RECURSION = YES;
				CLANG_WARN_INT_CONVERSION = YES;
				CLANG_WARN_NON_LITERAL_NULL_CONVERSION = YES;
				CLANG_WARN_OBJC_IMPLICIT_RETAIN_SELF = YES;
				CLANG_WARN_OBJC_LITERAL_CONVERSION = YES;
				CLANG_WARN_OBJC_ROOT_CLASS = YES_ERROR;
				CLANG_WARN_QUOTED_INCLUDE_IN_FRAMEWORK_HEADER = YES;
				CLANG_WARN_RANGE_LOOP_ANALYSIS = YES;
				CLANG_WARN_STRICT_PROTOTYPES = YES;
				CLANG_WARN_SUSPICIOUS_MOVE = YES;
				CLANG_WARN_UNGUARDED_AVAILABILITY = YES_AGGRESSIVE;
				CLANG_WARN_UNREACHABLE_CODE = YES;
				CLANG_WARN__DUPLICATE_METHOD_MATCH = YES;
				COPY_PHASE_STRIP = NO;
				DEBUG_INFORMATION_FORMAT = dwarf;
				ENABLE_STRICT_OBJC_MSGSEND = YES;
				ENABLE_TESTABILITY = YES;
				GCC_C_LANGUAGE_STANDARD = gnu11;
				GCC_DYNAMIC_NO_PIC = NO;
				GCC_NO_COMMON_BLOCKS = YES;
				GCC_OPTIMIZATION_LEVEL = 0;
				GCC_PREPROCESSOR_DEFINITIONS = (
					"DEBUG=1",
					"$(inherited)",
				);
				GCC_WARN_64_TO_32_BIT_CONVERSION = YES;
				GCC_WARN_ABOUT_RETURN_TYPE = YES_ERROR;
				GCC_WARN_UNDECLARED_SELECTOR = YES;
				GCC_WARN_UNINITIALIZED_AUTOS = YES_AGGRESSIVE;
				GCC_WARN_UNUSED_FUNCTION = YES;
				GCC_WARN_UNUSED_VARIABLE = YES;
				IPHONEOS_DEPLOYMENT_TARGET = 15.5;
				MTL_ENABLE_DEBUG_INFO = INCLUDE_SOURCE;
				MTL_FAST_MATH = YES;
				ONLY_ACTIVE_ARCH = YES;
				SDKROOT = iphoneos;
				SWIFT_ACTIVE_COMPILATION_CONDITIONS = DEBUG;
				SWIFT_OPTIMIZATION_LEVEL = "-Onone";
			};
			name = Debug;
		};
		F5D1BED3299ECCA6007AB3E9 /* Release */ = {
			isa = XCBuildConfiguration;
			buildSettings = {
				ALWAYS_SEARCH_USER_PATHS = NO;
				CLANG_ANALYZER_NONNULL = YES;
				CLANG_ANALYZER_NUMBER_OBJECT_CONVERSION = YES_AGGRESSIVE;
				CLANG_CXX_LANGUAGE_STANDARD = "gnu++17";
				CLANG_ENABLE_MODULES = YES;
				CLANG_ENABLE_OBJC_ARC = YES;
				CLANG_ENABLE_OBJC_WEAK = YES;
				CLANG_WARN_BLOCK_CAPTURE_AUTORELEASING = YES;
				CLANG_WARN_BOOL_CONVERSION = YES;
				CLANG_WARN_COMMA = YES;
				CLANG_WARN_CONSTANT_CONVERSION = YES;
				CLANG_WARN_DEPRECATED_OBJC_IMPLEMENTATIONS = YES;
				CLANG_WARN_DIRECT_OBJC_ISA_USAGE = YES_ERROR;
				CLANG_WARN_DOCUMENTATION_COMMENTS = YES;
				CLANG_WARN_EMPTY_BODY = YES;
				CLANG_WARN_ENUM_CONVERSION = YES;
				CLANG_WARN_INFINITE_RECURSION = YES;
				CLANG_WARN_INT_CONVERSION = YES;
				CLANG_WARN_NON_LITERAL_NULL_CONVERSION = YES;
				CLANG_WARN_OBJC_IMPLICIT_RETAIN_SELF = YES;
				CLANG_WARN_OBJC_LITERAL_CONVERSION = YES;
				CLANG_WARN_OBJC_ROOT_CLASS = YES_ERROR;
				CLANG_WARN_QUOTED_INCLUDE_IN_FRAMEWORK_HEADER = YES;
				CLANG_WARN_RANGE_LOOP_ANALYSIS = YES;
				CLANG_WARN_STRICT_PROTOTYPES = YES;
				CLANG_WARN_SUSPICIOUS_MOVE = YES;
				CLANG_WARN_UNGUARDED_AVAILABILITY = YES_AGGRESSIVE;
				CLANG_WARN_UNREACHABLE_CODE = YES;
				CLANG_WARN__DUPLICATE_METHOD_MATCH = YES;
				COPY_PHASE_STRIP = NO;
				DEBUG_INFORMATION_FORMAT = "dwarf-with-dsym";
				ENABLE_NS_ASSERTIONS = NO;
				ENABLE_STRICT_OBJC_MSGSEND = YES;
				GCC_C_LANGUAGE_STANDARD = gnu11;
				GCC_NO_COMMON_BLOCKS = YES;
				GCC_WARN_64_TO_32_BIT_CONVERSION = YES;
				GCC_WARN_ABOUT_RETURN_TYPE = YES_ERROR;
				GCC_WARN_UNDECLARED_SELECTOR = YES;
				GCC_WARN_UNINITIALIZED_AUTOS = YES_AGGRESSIVE;
				GCC_WARN_UNUSED_FUNCTION = YES;
				GCC_WARN_UNUSED_VARIABLE = YES;
				IPHONEOS_DEPLOYMENT_TARGET = 15.5;
				MTL_ENABLE_DEBUG_INFO = NO;
				MTL_FAST_MATH = YES;
				SDKROOT = iphoneos;
				SWIFT_COMPILATION_MODE = wholemodule;
				SWIFT_OPTIMIZATION_LEVEL = "-O";
				VALIDATE_PRODUCT = YES;
			};
			name = Release;
		};
		F5D1BED5299ECCA6007AB3E9 /* Debug */ = {
			isa = XCBuildConfiguration;
			buildSettings = {
				ASSETCATALOG_COMPILER_APPICON_NAME = AppIcon;
				ASSETCATALOG_COMPILER_GLOBAL_ACCENT_COLOR_NAME = AccentColor;
				CODE_SIGN_STYLE = Automatic;
				CURRENT_PROJECT_VERSION = 1;
				DEVELOPMENT_ASSET_PATHS = "\"ST  iOS Task/Preview Content\"";
				DEVELOPMENT_TEAM = 5QTHQ5ZSKV;
				ENABLE_PREVIEWS = YES;
				GENERATE_INFOPLIST_FILE = YES;
				INFOPLIST_KEY_UIApplicationSceneManifest_Generation = YES;
				INFOPLIST_KEY_UIApplicationSupportsIndirectInputEvents = YES;
				INFOPLIST_KEY_UILaunchScreen_Generation = YES;
				INFOPLIST_KEY_UISupportedInterfaceOrientations_iPad = "UIInterfaceOrientationPortrait UIInterfaceOrientationPortraitUpsideDown UIInterfaceOrientationLandscapeLeft UIInterfaceOrientationLandscapeRight";
				INFOPLIST_KEY_UISupportedInterfaceOrientations_iPhone = "UIInterfaceOrientationPortrait UIInterfaceOrientationLandscapeLeft UIInterfaceOrientationLandscapeRight";
				LD_RUNPATH_SEARCH_PATHS = (
					"$(inherited)",
					"@executable_path/Frameworks",
				);
				MARKETING_VERSION = 1.0;
				PRODUCT_BUNDLE_IDENTIFIER = "com.st-iosTask.ST--iOS-Task";
				PRODUCT_NAME = "$(TARGET_NAME)";
				SWIFT_EMIT_LOC_STRINGS = YES;
				SWIFT_VERSION = 5.0;
				TARGETED_DEVICE_FAMILY = "1,2";
			};
			name = Debug;
		};
		F5D1BED6299ECCA6007AB3E9 /* Release */ = {
			isa = XCBuildConfiguration;
			buildSettings = {
				ASSETCATALOG_COMPILER_APPICON_NAME = AppIcon;
				ASSETCATALOG_COMPILER_GLOBAL_ACCENT_COLOR_NAME = AccentColor;
				CODE_SIGN_STYLE = Automatic;
				CURRENT_PROJECT_VERSION = 1;
				DEVELOPMENT_ASSET_PATHS = "\"ST  iOS Task/Preview Content\"";
				DEVELOPMENT_TEAM = 5QTHQ5ZSKV;
				ENABLE_PREVIEWS = YES;
				GENERATE_INFOPLIST_FILE = YES;
				INFOPLIST_KEY_UIApplicationSceneManifest_Generation = YES;
				INFOPLIST_KEY_UIApplicationSupportsIndirectInputEvents = YES;
				INFOPLIST_KEY_UILaunchScreen_Generation = YES;
				INFOPLIST_KEY_UISupportedInterfaceOrientations_iPad = "UIInterfaceOrientationPortrait UIInterfaceOrientationPortraitUpsideDown UIInterfaceOrientationLandscapeLeft UIInterfaceOrientationLandscapeRight";
				INFOPLIST_KEY_UISupportedInterfaceOrientations_iPhone = "UIInterfaceOrientationPortrait UIInterfaceOrientationLandscapeLeft UIInterfaceOrientationLandscapeRight";
				LD_RUNPATH_SEARCH_PATHS = (
					"$(inherited)",
					"@executable_path/Frameworks",
				);
				MARKETING_VERSION = 1.0;
				PRODUCT_BUNDLE_IDENTIFIER = "com.st-iosTask.ST--iOS-Task";
				PRODUCT_NAME = "$(TARGET_NAME)";
				SWIFT_EMIT_LOC_STRINGS = YES;
				SWIFT_VERSION = 5.0;
				TARGETED_DEVICE_FAMILY = "1,2";
			};
			name = Release;
		};
/* End XCBuildConfiguration section */

/* Begin XCConfigurationList section */
		F5D1BEC1299ECCA4007AB3E9 /* Build configuration list for PBXProject "ST  iOS Task" */ = {
			isa = XCConfigurationList;
			buildConfigurations = (
				F5D1BED2299ECCA6007AB3E9 /* Debug */,
				F5D1BED3299ECCA6007AB3E9 /* Release */,
			);
			defaultConfigurationIsVisible = 0;
			defaultConfigurationName = Release;
		};
		F5D1BED4299ECCA6007AB3E9 /* Build configuration list for PBXNativeTarget "ST  iOS Task" */ = {
			isa = XCConfigurationList;
			buildConfigurations = (
				F5D1BED5299ECCA6007AB3E9 /* Debug */,
				F5D1BED6299ECCA6007AB3E9 /* Release */,
			);
			defaultConfigurationIsVisible = 0;
			defaultConfigurationName = Release;
		};
/* End XCConfigurationList section */
	};
	rootObject = F5D1BEBE299ECCA4007AB3E9 /* Project object */;
}
